
Microsoft Visual Studio Solution File, Format Version 12.00
# Visual Studio Version 17
VisualStudioVersion = 17.0.31912.275
MinimumVisualStudioVersion = 10.0.40219.1
Project("{FAE04EC0-301F-11D3-BF4B-00C04F79EFBC}") = "Unitverse", "Unitverse\Unitverse.csproj", "{7F7E3D01-F45E-4F59-BE96-0E9D052905DB}"
EndProject
Project("{9A19103F-16F7-4668-BE54-9A1E7A4F7556}") = "Unitverse.Core", "Unitverse.Core\Unitverse.Core.csproj", "{C0A7DDAC-CCA3-4FB5-A8A7-4B9AC4210D2A}"
EndProject
Project("{9A19103F-16F7-4668-BE54-9A1E7A4F7556}") = "Unitverse.Core.Tests", "Unitverse.Core.Tests\Unitverse.Core.Tests.csproj", "{BDA96138-2CEB-44B3-AD1F-8B253F736054}"
EndProject
Project("{2150E333-8FDC-42A3-9474-1A3956D46DE8}") = "Solution Items", "Solution Items", "{00FDA5F1-4AD2-45F1-BAC9-40ACA4737C53}"
	ProjectSection(SolutionItems) = preProject
		.editorconfig = .editorconfig
		Unitverse.ruleset = Unitverse.ruleset
	EndProjectSection
EndProject
Project("{9A19103F-16F7-4668-BE54-9A1E7A4F7556}") = "Unitverse.Specs", "Unitverse.Specs\Unitverse.Specs.csproj", "{AC219820-5613-43BC-9067-D4BF70EB26E6}"
EndProject
Project("{FAE04EC0-301F-11D3-BF4B-00C04F79EFBC}") = "Unitverse.ExampleGenerator", "Unitverse.ExampleGenerator\Unitverse.ExampleGenerator.csproj", "{947C9206-5471-42A5-9945-ABC91212A62D}"
EndProject
Global
	GlobalSection(SolutionConfigurationPlatforms) = preSolution
		Debug|Any CPU = Debug|Any CPU
		Release|Any CPU = Release|Any CPU
	EndGlobalSection
	GlobalSection(ProjectConfigurationPlatforms) = postSolution
		{7F7E3D01-F45E-4F59-BE96-0E9D052905DB}.Debug|Any CPU.ActiveCfg = Debug|Any CPU
		{7F7E3D01-F45E-4F59-BE96-0E9D052905DB}.Debug|Any CPU.Build.0 = Debug|Any CPU
		{7F7E3D01-F45E-4F59-BE96-0E9D052905DB}.Release|Any CPU.ActiveCfg = Release|Any CPU
		{7F7E3D01-F45E-4F59-BE96-0E9D052905DB}.Release|Any CPU.Build.0 = Release|Any CPU
		{C0A7DDAC-CCA3-4FB5-A8A7-4B9AC4210D2A}.Debug|Any CPU.ActiveCfg = Debug|Any CPU
		{C0A7DDAC-CCA3-4FB5-A8A7-4B9AC4210D2A}.Debug|Any CPU.Build.0 = Debug|Any CPU
		{C0A7DDAC-CCA3-4FB5-A8A7-4B9AC4210D2A}.Release|Any CPU.ActiveCfg = Release|Any CPU
		{C0A7DDAC-CCA3-4FB5-A8A7-4B9AC4210D2A}.Release|Any CPU.Build.0 = Release|Any CPU
		{BDA96138-2CEB-44B3-AD1F-8B253F736054}.Debug|Any CPU.ActiveCfg = Debug|Any CPU
		{BDA96138-2CEB-44B3-AD1F-8B253F736054}.Debug|Any CPU.Build.0 = Debug|Any CPU
		{BDA96138-2CEB-44B3-AD1F-8B253F736054}.Release|Any CPU.ActiveCfg = Release|Any CPU
		{BDA96138-2CEB-44B3-AD1F-8B253F736054}.Release|Any CPU.Build.0 = Release|Any CPU
		{AC219820-5613-43BC-9067-D4BF70EB26E6}.Debug|Any CPU.ActiveCfg = Debug|Any CPU
		{AC219820-5613-43BC-9067-D4BF70EB26E6}.Debug|Any CPU.Build.0 = Debug|Any CPU
		{AC219820-5613-43BC-9067-D4BF70EB26E6}.Release|Any CPU.ActiveCfg = Release|Any CPU
		{AC219820-5613-43BC-9067-D4BF70EB26E6}.Release|Any CPU.Build.0 = Release|Any CPU
		{947C9206-5471-42A5-9945-ABC91212A62D}.Debug|Any CPU.ActiveCfg = Debug|Any CPU
		{947C9206-5471-42A5-9945-ABC91212A62D}.Debug|Any CPU.Build.0 = Debug|Any CPU
		{947C9206-5471-42A5-9945-ABC91212A62D}.Release|Any CPU.ActiveCfg = Release|Any CPU
		{947C9206-5471-42A5-9945-ABC91212A62D}.Release|Any CPU.Build.0 = Release|Any CPU
	EndGlobalSection
	GlobalSection(SolutionProperties) = preSolution
		HideSolutionNode = FALSE
	EndGlobalSection
	GlobalSection(ExtensibilityGlobals) = postSolution
		SolutionGuid = {D7FC5F92-5E1F-438B-ABEC-725956A073A2}
	EndGlobalSection
EndGlobal
